// !$*UTF8*$!
{
	archiveVersion = 1;
	classes = {
	};
	objectVersion = 77;
	objects = {

/* Begin PBXContainerItemProxy section */
		973D2B502F159CC500E57F7F /* PBXContainerItemProxy */ = {
			isa = PBXContainerItemProxy;
			containerPortal = 973D2B3A2F159CC400E57F7F /* Project object */;
			proxyType = 1;
			remoteGlobalIDString = 973D2B412F159CC400E57F7F;
			remoteInfo = BrainTrainer;
		};
		973D2B5A2F159CC500E57F7F /* PBXContainerItemProxy */ = {
			isa = PBXContainerItemProxy;
			containerPortal = 973D2B3A2F159CC400E57F7F /* Project object */;
			proxyType = 1;
			remoteGlobalIDString = 973D2B412F159CC400E57F7F;
			remoteInfo = BrainTrainer;
		};
/* End PBXContainerItemProxy section */

/* Begin PBXFileReference section */
		973D2B422F159CC400E57F7F /* BrainTrainer.app */ = {isa = PBXFileReference; explicitFileType = wrapper.application; includeInIndex = 0; path = BrainTrainer.app; sourceTree = BUILT_PRODUCTS_DIR; };
		973D2B4F2F159CC500E57F7F /* BrainTrainerTests.xctest */ = {isa = PBXFileReference; explicitFileType = wrapper.cfbundle; includeInIndex = 0; path = BrainTrainerTests.xctest; sourceTree = BUILT_PRODUCTS_DIR; };
		973D2B592F159CC500E57F7F /* BrainTrainerUITests.xctest */ = {isa = PBXFileReference; explicitFileType = wrapper.cfbundle; includeInIndex = 0; path = BrainTrainerUITests.xctest; sourceTree = BUILT_PRODUCTS_DIR; };
/* End PBXFileReference section */

/* Begin PBXFileSystemSynchronizedRootGroup section */
		973D2B442F159CC400E57F7F /* BrainTrainer */ = {
			isa = PBXFileSystemSynchronizedRootGroup;
			path = BrainTrainer;
			sourceTree = "<group>";
		};
		973D2B522F159CC500E57F7F /* BrainTrainerTests */ = {
			isa = PBXFileSystemSynchronizedRootGroup;
			path = BrainTrainerTests;
			sourceTree = "<group>";
		};
		973D2B5C2F159CC500E57F7F /* BrainTrainerUITests */ = {
			isa = PBXFileSystemSynchronizedRootGroup;
			path = BrainTrainerUITests;
			sourceTree = "<group>";
		};
/* End PBXFileSystemSynchronizedRootGroup section */

/* Begin PBXFrameworksBuildPhase section */
		973D2B3F2F159CC400E57F7F /* Frameworks */ = {
			isa = PBXFrameworksBuildPhase;
			buildActionMask = 2147483647;
			files = (
			);
			runOnlyForDeploymentPostprocessing = 0;
		};
		973D2B4C2F159CC500E57F7F /* Frameworks */ = {
			isa = PBXFrameworksBuildPhase;
			buildActionMask = 2147483647;
			files = (
			);
			runOnlyForDeploymentPostprocessing = 0;
		};
		973D2B562F159CC500E57F7F /* Frameworks */ = {
			isa = PBXFrameworksBuildPhase;
			buildActionMask = 2147483647;
			files = (
			);
			runOnlyForDeploymentPostprocessing = 0;
		};
/* End PBXFrameworksBuildPhase section */

/* Begin PBXGroup section */
		973D2B392F159CC400E57F7F = {
			isa = PBXGroup;
			children = (
				973D2B442F159CC400E57F7F /* BrainTrainer */,
				973D2B522F159CC500E57F7F /* BrainTrainerTests */,
				973D2B5C2F159CC500E57F7F /* BrainTrainerUITests */,
				973D2B432F159CC400E57F7F /* Products */,
			);
			sourceTree = "<group>";
		};
		973D2B432F159CC400E57F7F /* Products */ = {
			isa = PBXGroup;
			children = (
				973D2B422F159CC400E57F7F /* BrainTrainer.app */,
				973D2B4F2F159CC500E57F7F /* BrainTrainerTests.xctest */,
				973D2B592F159CC500E57F7F /* BrainTrainerUITests.xctest */,
			);
			name = Products;
			sourceTree = "<group>";
		};
/* End PBXGroup section */

/* Begin PBXNativeTarget section */
		973D2B412F159CC400E57F7F /* BrainTrainer */ = {
			isa = PBXNativeTarget;
			buildConfigurationList = 973D2B632F159CC600E57F7F /* Build configuration list for PBXNativeTarget "BrainTrainer" */;
			buildPhases = (
				973D2B3E2F159CC400E57F7F /* Sources */,
				973D2B3F2F159CC400E57F7F /* Frameworks */,
				973D2B402F159CC400E57F7F /* Resources */,
			);
			buildRules = (
			);
			dependencies = (
			);
			fileSystemSynchronizedGroups = (
				973D2B442F159CC400E57F7F /* BrainTrainer */,
			);
			name = BrainTrainer;
			packageProductDependencies = (
			);
			productName = BrainTrainer;
			productReference = 973D2B422F159CC400E57F7F /* BrainTrainer.app */;
			productType = "com.apple.product-type.application";
		};
		973D2B4E2F159CC500E57F7F /* BrainTrainerTests */ = {
			isa = PBXNativeTarget;
			buildConfigurationList = 973D2B662F159CC600E57F7F /* Build configuration list for PBXNativeTarget "BrainTrainerTests" */;
			buildPhases = (
				973D2B4B2F159CC500E57F7F /* Sources */,
				973D2B4C2F159CC500E57F7F /* Frameworks */,
				973D2B4D2F159CC500E57F7F /* Resources */,
			);
			buildRules = (
			);
			dependencies = (
				973D2B512F159CC500E57F7F /* PBXTargetDependency */,
			);
			fileSystemSynchronizedGroups = (
				973D2B522F159CC500E57F7F /* BrainTrainerTests */,
			);
			name = BrainTrainerTests;
			packageProductDependencies = (
			);
			productName = BrainTrainerTests;
			productReference = 973D2B4F2F159CC500E57F7F /* BrainTrainerTests.xctest */;
			productType = "com.apple.product-type.bundle.unit-test";
		};
		973D2B582F159CC500E57F7F /* BrainTrainerUITests */ = {
			isa = PBXNativeTarget;
			buildConfigurationList = 973D2B692F159CC600E57F7F /* Build configuration list for PBXNativeTarget "BrainTrainerUITests" */;
			buildPhases = (
				973D2B552F159CC500E57F7F /* Sources */,
				973D2B562F159CC500E57F7F /* Frameworks */,
				973D2B572F159CC500E57F7F /* Resources */,
			);
			buildRules = (
			);
			dependencies = (
				973D2B5B2F159CC500E57F7F /* PBXTargetDependency */,
			);
			fileSystemSynchronizedGroups = (
				973D2B5C2F159CC500E57F7F /* BrainTrainerUITests */,
			);
			name = BrainTrainerUITests;
			packageProductDependencies = (
			);
			productName = BrainTrainerUITests;
			productReference = 973D2B592F159CC500E57F7F /* BrainTrainerUITests.xctest */;
			productType = "com.apple.product-type.bundle.ui-testing";
		};
/* End PBXNativeTarget section */

/* Begin PBXProject section */
		973D2B3A2F159CC400E57F7F /* Project object */ = {
			isa = PBXProject;
			attributes = {
				BuildIndependentTargetsInParallel = 1;
				LastSwiftUpdateCheck = 1640;
				LastUpgradeCheck = 1640;
				TargetAttributes = {
					973D2B412F159CC400E57F7F = {
						CreatedOnToolsVersion = 16.4;
					};
					973D2B4E2F159CC500E57F7F = {
						CreatedOnToolsVersion = 16.4;
						TestTargetID = 973D2B412F159CC400E57F7F;
					};
					973D2B582F159CC500E57F7F = {
						CreatedOnToolsVersion = 16.4;
						TestTargetID = 973D2B412F159CC400E57F7F;
					};
				};
			};
			buildConfigurationList = 973D2B3D2F159CC400E57F7F /* Build configuration list for PBXProject "BrainTrainer" */;
			developmentRegion = en;
			hasScannedForEncodings = 0;
			knownRegions = (
				en,
				Base,
			);
			mainGroup = 973D2B392F159CC400E57F7F;
			minimizedProjectReferenceProxies = 1;
			preferredProjectObjectVersion = 77;
			productRefGroup = 973D2B432F159CC400E57F7F /* Products */;
			projectDirPath = "";
			projectRoot = "";
			targets = (
				973D2B412F159CC400E57F7F /* BrainTrainer */,
				973D2B4E2F159CC500E57F7F /* BrainTrainerTests */,
				973D2B582F159CC500E57F7F /* BrainTrainerUITests */,
			);
		};
/* End PBXProject section */

/* Begin PBXResourcesBuildPhase section */
		973D2B402F159CC400E57F7F /* Resources */ = {
			isa = PBXResourcesBuildPhase;
			buildActionMask = 2147483647;
			files = (
			);
			runOnlyForDeploymentPostprocessing = 0;
		};
		973D2B4D2F159CC500E57F7F /* Resources */ = {
			isa = PBXResourcesBuildPhase;
			buildActionMask = 2147483647;
			files = (
			);
			runOnlyForDeploymentPostprocessing = 0;
		};
		973D2B572F159CC500E57F7F /* Resources */ = {
			isa = PBXResourcesBuildPhase;
			buildActionMask = 2147483647;
			files = (
			);
			runOnlyForDeploymentPostprocessing = 0;
		};
/* End PBXResourcesBuildPhase section */

/* Begin PBXSourcesBuildPhase section */
		973D2B3E2F159CC400E57F7F /* Sources */ = {
			isa = PBXSourcesBuildPhase;
			buildActionMask = 2147483647;
			files = (
			);
			runOnlyForDeploymentPostprocessing = 0;
		};
		973D2B4B2F159CC500E57F7F /* Sources */ = {
			isa = PBXSourcesBuildPhase;
			buildActionMask = 2147483647;
			files = (
			);
			runOnlyForDeploymentPostprocessing = 0;
		};
		973D2B552F159CC500E57F7F /* Sources */ = {
			isa = PBXSourcesBuildPhase;
			buildActionMask = 2147483647;
			files = (
			);
			runOnlyForDeploymentPostprocessing = 0;
		};
/* End PBXSourcesBuildPhase section */

/* Begin PBXTargetDependency section */
		973D2B512F159CC500E57F7F /* PBXTargetDependency */ = {
			isa = PBXTargetDependency;
			target = 973D2B412F159CC400E57F7F /* BrainTrainer */;
			targetProxy = 973D2B502F159CC500E57F7F /* PBXContainerItemProxy */;
		};
		973D2B5B2F159CC500E57F7F /* PBXTargetDependency */ = {
			isa = PBXTargetDependency;
			target = 973D2B412F159CC400E57F7F /* BrainTrainer */;
			targetProxy = 973D2B5A2F159CC500E57F7F /* PBXContainerItemProxy */;
		};
/* End PBXTargetDependency section */

/* Begin XCBuildConfiguration section */
		973D2B612F159CC600E57F7F /* Debug */ = {
			isa = XCBuildConfiguration;
			buildSettings = {
				ALWAYS_SEARCH_USER_PATHS = NO;
				ASSETCATALOG_COMPILER_GENERATE_SWIFT_ASSET_SYMBOL_EXTENSIONS = YES;
				CLANG_ANALYZER_NONNULL = YES;
				CLANG_ANALYZER_NUMBER_OBJECT_CONVERSION = YES_AGGRESSIVE;
				CLANG_CXX_LANGUAGE_STANDARD = "gnu++20";
				CLANG_ENABLE_MODULES = YES;
				CLANG_ENABLE_OBJC_ARC = YES;
				CLANG_ENABLE_OBJC_WEAK = YES;
				CLANG_WARN_BLOCK_CAPTURE_AUTORELEASING = YES;
				CLANG_WARN_BOOL_CONVERSION = YES;
				CLANG_WARN_COMMA = YES;
				CLANG_WARN_CONSTANT_CONVERSION = YES;
				CLANG_WARN_DEPRECATED_OBJC_IMPLEMENTATIONS = YES;
				CLANG_WARN_DIRECT_OBJC_ISA_USAGE = YES_ERROR;
				CLANG_WARN_DOCUMENTATION_COMMENTS = YES;
				CLANG_WARN_EMPTY_BODY = YES;
				CLANG_WARN_ENUM_CONVERSION = YES;
				CLANG_WARN_INFINITE_RECURSION = YES;
				CLANG_WARN_INT_CONVERSION = YES;
				CLANG_WARN_NON_LITERAL_NULL_CONVERSION = YES;
				CLANG_WARN_OBJC_IMPLICIT_RETAIN_SELF = YES;
				CLANG_WARN_OBJC_LITERAL_CONVERSION = YES;
				CLANG_WARN_OBJC_ROOT_CLASS = YES_ERROR;
				CLANG_WARN_QUOTED_INCLUDE_IN_FRAMEWORK_HEADER = YES;
				CLANG_WARN_RANGE_LOOP_ANALYSIS = YES;
				CLANG_WARN_STRICT_PROTOTYPES = YES;
				CLANG_WARN_SUSPICIOUS_MOVE = YES;
				CLANG_WARN_UNGUARDED_AVAILABILITY = YES_AGGRESSIVE;
				CLANG_WARN_UNREACHABLE_CODE = YES;
				CLANG_WARN__DUPLICATE_METHOD_MATCH = YES;
				COPY_PHASE_STRIP = NO;
				DEBUG_INFORMATION_FORMAT = dwarf;
				DEVELOPMENT_TEAM = J5XH95TDZZ;
				ENABLE_STRICT_OBJC_MSGSEND = YES;
				ENABLE_TESTABILITY = YES;
				ENABLE_USER_SCRIPT_SANDBOXING = YES;
				GCC_C_LANGUAGE_STANDARD = gnu17;
				GCC_DYNAMIC_NO_PIC = NO;
				GCC_NO_COMMON_BLOCKS = YES;
				GCC_OPTIMIZATION_LEVEL = 0;
				GCC_PREPROCESSOR_DEFINITIONS = (
					"DEBUG=1",
					"$(inherited)",
				);
				GCC_WARN_64_TO_32_BIT_CONVERSION = YES;
				GCC_WARN_ABOUT_RETURN_TYPE = YES_ERROR;
				GCC_WARN_UNDECLARED_SELECTOR = YES;
				GCC_WARN_UNINITIALIZED_AUTOS = YES_AGGRESSIVE;
				GCC_WARN_UNUSED_FUNCTION = YES;
				GCC_WARN_UNUSED_VARIABLE = YES;
				IPHONEOS_DEPLOYMENT_TARGET = 18.5;
				LOCALIZATION_PREFERS_STRING_CATALOGS = YES;
				MTL_ENABLE_DEBUG_INFO = INCLUDE_SOURCE;
				MTL_FAST_MATH = YES;
				ONLY_ACTIVE_ARCH = YES;
				SDKROOT = iphoneos;
				SWIFT_ACTIVE_COMPILATION_CONDITIONS = "DEBUG $(inherited)";
				SWIFT_OPTIMIZATION_LEVEL = "-Onone";
			};
			name = Debug;
		};
		973D2B622F159CC600E57F7F /* Release */ = {
			isa = XCBuildConfiguration;
			buildSettings = {
				ALWAYS_SEARCH_USER_PATHS = NO;
				ASSETCATALOG_COMPILER_GENERATE_SWIFT_ASSET_SYMBOL_EXTENSIONS = YES;
				CLANG_ANALYZER_NONNULL = YES;
				CLANG_ANALYZER_NUMBER_OBJECT_CONVERSION = YES_AGGRESSIVE;
				CLANG_CXX_LANGUAGE_STANDARD = "gnu++20";
				CLANG_ENABLE_MODULES = YES;
				CLANG_ENABLE_OBJC_ARC = YES;
				CLANG_ENABLE_OBJC_WEAK = YES;
				CLANG_WARN_BLOCK_CAPTURE_AUTORELEASING = YES;
				CLANG_WARN_BOOL_CONVERSION = YES;
				CLANG_WARN_COMMA = YES;
				CLANG_WARN_CONSTANT_CONVERSION = YES;
				CLANG_WARN_DEPRECATED_OBJC_IMPLEMENTATIONS = YES;
				CLANG_WARN_DIRECT_OBJC_ISA_USAGE = YES_ERROR;
				CLANG_WARN_DOCUMENTATION_COMMENTS = YES;
				CLANG_WARN_EMPTY_BODY = YES;
				CLANG_WARN_ENUM_CONVERSION = YES;
				CLANG_WARN_INFINITE_RECURSION = YES;
				CLANG_WARN_INT_CONVERSION = YES;
				CLANG_WARN_NON_LITERAL_NULL_CONVERSION = YES;
				CLANG_WARN_OBJC_IMPLICIT_RETAIN_SELF = YES;
				CLANG_WARN_OBJC_LITERAL_CONVERSION = YES;
				CLANG_WARN_OBJC_ROOT_CLASS = YES_ERROR;
				CLANG_WARN_QUOTED_INCLUDE_IN_FRAMEWORK_HEADER = YES;
				CLANG_WARN_RANGE_LOOP_ANALYSIS = YES;
				CLANG_WARN_STRICT_PROTOTYPES = YES;
				CLANG_WARN_SUSPICIOUS_MOVE = YES;
				CLANG_WARN_UNGUARDED_AVAILABILITY = YES_AGGRESSIVE;
				CLANG_WARN_UNREACHABLE_CODE = YES;
				CLANG_WARN__DUPLICATE_METHOD_MATCH = YES;
				COPY_PHASE_STRIP = NO;
				DEBUG_INFORMATION_FORMAT = "dwarf-with-dsym";
				DEVELOPMENT_TEAM = J5XH95TDZZ;
				ENABLE_NS_ASSERTIONS = NO;
				ENABLE_STRICT_OBJC_MSGSEND = YES;
				ENABLE_USER_SCRIPT_SANDBOXING = YES;
				GCC_C_LANGUAGE_STANDARD = gnu17;
				GCC_NO_COMMON_BLOCKS = YES;
				GCC_WARN_64_TO_32_BIT_CONVERSION = YES;
				GCC_WARN_ABOUT_RETURN_TYPE = YES_ERROR;
				GCC_WARN_UNDECLARED_SELECTOR = YES;
				GCC_WARN_UNINITIALIZED_AUTOS = YES_AGGRESSIVE;
				GCC_WARN_UNUSED_FUNCTION = YES;
				GCC_WARN_UNUSED_VARIABLE = YES;
				IPHONEOS_DEPLOYMENT_TARGET = 18.5;
				LOCALIZATION_PREFERS_STRING_CATALOGS = YES;
				MTL_ENABLE_DEBUG_INFO = NO;
				MTL_FAST_MATH = YES;
				SDKROOT = iphoneos;
				SWIFT_COMPILATION_MODE = wholemodule;
				VALIDATE_PRODUCT = YES;
			};
			name = Release;
		};
		973D2B642F159CC600E57F7F /* Debug */ = {
			isa = XCBuildConfiguration;
			buildSettings = {
				ASSETCATALOG_COMPILER_APPICON_NAME = AppIcon;
				ASSETCATALOG_COMPILER_GLOBAL_ACCENT_COLOR_NAME = AccentColor;
				CODE_SIGN_STYLE = Automatic;
				CURRENT_PROJECT_VERSION = 1;
				DEVELOPMENT_TEAM = J5XH95TDZZ;
				ENABLE_PREVIEWS = YES;
				GENERATE_INFOPLIST_FILE = YES;
				INFOPLIST_KEY_UIApplicationSceneManifest_Generation = YES;
				INFOPLIST_KEY_UIApplicationSupportsIndirectInputEvents = YES;
				INFOPLIST_KEY_UILaunchScreen_Generation = YES;
				INFOPLIST_KEY_UISupportedInterfaceOrientations_iPad = "UIInterfaceOrientationPortrait UIInterfaceOrientationPortraitUpsideDown UIInterfaceOrientationLandscapeLeft UIInterfaceOrientationLandscapeRight";
				INFOPLIST_KEY_UISupportedInterfaceOrientations_iPhone = "UIInterfaceOrientationPortrait UIInterfaceOrientationLandscapeLeft UIInterfaceOrientationLandscapeRight";
				LD_RUNPATH_SEARCH_PATHS = (
					"$(inherited)",
					"@executable_path/Frameworks",
				);
				MARKETING_VERSION = 1.0;
				PRODUCT_BUNDLE_IDENTIFIER = me.starnes.daniel.BrainTrainer;
				PRODUCT_NAME = "$(TARGET_NAME)";
				SWIFT_EMIT_LOC_STRINGS = YES;
				SWIFT_VERSION = 5.0;
				TARGETED_DEVICE_FAMILY = "1,2";
			};
			name = Debug;
		};
		973D2B652F159CC600E57F7F /* Release */ = {
			isa = XCBuildConfiguration;
			buildSettings = {
				ASSETCATALOG_COMPILER_APPICON_NAME = AppIcon;
				ASSETCATALOG_COMPILER_GLOBAL_ACCENT_COLOR_NAME = AccentColor;
				CODE_SIGN_STYLE = Automatic;
				CURRENT_PROJECT_VERSION = 1;
				DEVELOPMENT_TEAM = J5XH95TDZZ;
				ENABLE_PREVIEWS = YES;
				GENERATE_INFOPLIST_FILE = YES;
				INFOPLIST_KEY_UIApplicationSceneManifest_Generation = YES;
				INFOPLIST_KEY_UIApplicationSupportsIndirectInputEvents = YES;
				INFOPLIST_KEY_UILaunchScreen_Generation = YES;
				INFOPLIST_KEY_UISupportedInterfaceOrientations_iPad = "UIInterfaceOrientationPortrait UIInterfaceOrientationPortraitUpsideDown UIInterfaceOrientationLandscapeLeft UIInterfaceOrientationLandscapeRight";
				INFOPLIST_KEY_UISupportedInterfaceOrientations_iPhone = "UIInterfaceOrientationPortrait UIInterfaceOrientationLandscapeLeft UIInterfaceOrientationLandscapeRight";
				LD_RUNPATH_SEARCH_PATHS = (
					"$(inherited)",
					"@executable_path/Frameworks",
				);
				MARKETING_VERSION = 1.0;
				PRODUCT_BUNDLE_IDENTIFIER = me.starnes.daniel.BrainTrainer;
				PRODUCT_NAME = "$(TARGET_NAME)";
				SWIFT_EMIT_LOC_STRINGS = YES;
				SWIFT_VERSION = 5.0;
				TARGETED_DEVICE_FAMILY = "1,2";
			};
			name = Release;
		};
		973D2B672F159CC600E57F7F /* Debug */ = {
			isa = XCBuildConfiguration;
			buildSettings = {
				BUNDLE_LOADER = "$(TEST_HOST)";
				CODE_SIGN_STYLE = Automatic;
				CURRENT_PROJECT_VERSION = 1;
				DEVELOPMENT_TEAM = J5XH95TDZZ;
				GENERATE_INFOPLIST_FILE = YES;
				IPHONEOS_DEPLOYMENT_TARGET = 18.5;
				MARKETING_VERSION = 1.0;
				PRODUCT_BUNDLE_IDENTIFIER = me.starnes.daniel.BrainTrainerTests;
				PRODUCT_NAME = "$(TARGET_NAME)";
				SWIFT_EMIT_LOC_STRINGS = NO;
				SWIFT_VERSION = 5.0;
				TARGETED_DEVICE_FAMILY = "1,2";
				TEST_HOST = "$(BUILT_PRODUCTS_DIR)/BrainTrainer.app/$(BUNDLE_EXECUTABLE_FOLDER_PATH)/BrainTrainer";
			};
			name = Debug;
		};
		973D2B682F159CC600E57F7F /* Release */ = {
			isa = XCBuildConfiguration;
			buildSettings = {
				BUNDLE_LOADER = "$(TEST_HOST)";
				CODE_SIGN_STYLE = Automatic;
				CURRENT_PROJECT_VERSION = 1;
				DEVELOPMENT_TEAM = J5XH95TDZZ;
				GENERATE_INFOPLIST_FILE = YES;
				IPHONEOS_DEPLOYMENT_TARGET = 18.5;
				MARKETING_VERSION = 1.0;
				PRODUCT_BUNDLE_IDENTIFIER = me.starnes.daniel.BrainTrainerTests;
				PRODUCT_NAME = "$(TARGET_NAME)";
				SWIFT_EMIT_LOC_STRINGS = NO;
				SWIFT_VERSION = 5.0;
				TARGETED_DEVICE_FAMILY = "1,2";
				TEST_HOST = "$(BUILT_PRODUCTS_DIR)/BrainTrainer.app/$(BUNDLE_EXECUTABLE_FOLDER_PATH)/BrainTrainer";
			};
			name = Release;
		};
		973D2B6A2F159CC600E57F7F /* Debug */ = {
			isa = XCBuildConfiguration;
			buildSettings = {
				CODE_SIGN_STYLE = Automatic;
				CURRENT_PROJECT_VERSION = 1;
				DEVELOPMENT_TEAM = J5XH95TDZZ;
				GENERATE_INFOPLIST_FILE = YES;
				MARKETING_VERSION = 1.0;
				PRODUCT_BUNDLE_IDENTIFIER = me.starnes.daniel.BrainTrainerUITests;
				PRODUCT_NAME = "$(TARGET_NAME)";
				SWIFT_EMIT_LOC_STRINGS = NO;
				SWIFT_VERSION = 5.0;
				TARGETED_DEVICE_FAMILY = "1,2";
				TEST_TARGET_NAME = BrainTrainer;
			};
			name = Debug;
		};
		973D2B6B2F159CC600E57F7F /* Release */ = {
			isa = XCBuildConfiguration;
			buildSettings = {
				CODE_SIGN_STYLE = Automatic;
				CURRENT_PROJECT_VERSION = 1;
				DEVELOPMENT_TEAM = J5XH95TDZZ;
				GENERATE_INFOPLIST_FILE = YES;
				MARKETING_VERSION = 1.0;
				PRODUCT_BUNDLE_IDENTIFIER = me.starnes.daniel.BrainTrainerUITests;
				PRODUCT_NAME = "$(TARGET_NAME)";
				SWIFT_EMIT_LOC_STRINGS = NO;
				SWIFT_VERSION = 5.0;
				TARGETED_DEVICE_FAMILY = "1,2";
				TEST_TARGET_NAME = BrainTrainer;
			};
			name = Release;
		};
/* End XCBuildConfiguration section */

/* Begin XCConfigurationList section */
		973D2B3D2F159CC400E57F7F /* Build configuration list for PBXProject "BrainTrainer" */ = {
			isa = XCConfigurationList;
			buildConfigurations = (
				973D2B612F159CC600E57F7F /* Debug */,
				973D2B622F159CC600E57F7F /* Release */,
			);
			defaultConfigurationIsVisible = 0;
			defaultConfigurationName = Release;
		};
		973D2B632F159CC600E57F7F /* Build configuration list for PBXNativeTarget "BrainTrainer" */ = {
			isa = XCConfigurationList;
			buildConfigurations = (
				973D2B642F159CC600E57F7F /* Debug */,
				973D2B652F159CC600E57F7F /* Release */,
			);
			defaultConfigurationIsVisible = 0;
			defaultConfigurationName = Release;
		};
		973D2B662F159CC600E57F7F /* Build configuration list for PBXNativeTarget "BrainTrainerTests" */ = {
			isa = XCConfigurationList;
			buildConfigurations = (
				973D2B672F159CC600E57F7F /* Debug */,
				973D2B682F159CC600E57F7F /* Release */,
			);
			defaultConfigurationIsVisible = 0;
			defaultConfigurationName = Release;
		};
		973D2B692F159CC600E57F7F /* Build configuration list for PBXNativeTarget "BrainTrainerUITests" */ = {
			isa = XCConfigurationList;
			buildConfigurations = (
				973D2B6A2F159CC600E57F7F /* Debug */,
				973D2B6B2F159CC600E57F7F /* Release */,
			);
			defaultConfigurationIsVisible = 0;
			defaultConfigurationName = Release;
		};
/* End XCConfigurationList section */
	};
	rootObject = 973D2B3A2F159CC400E57F7F /* Project object */;
}
